github.com/jageros/evq v0.1.0 h1:1F91FEUKE1Q7YR0hLc55wxdxHIcIkZZpv4+H0qUXzpI=
github.com/jageros/evq v0.1.0/go.mod h1:hu2KkExgkc77iAY/N0n2McTPo8gMPg+pLi8T1DQC8kQ=
gopkg.in/eapache/queue.v1 v1.1.0 h1:EldqoJEGtXYiVCMRo2C9mePO2UUGnYn2+qLmlQSqPdc=
gopkg.in/eapache/queue.v1 v1.1.0/go.mod h1:wNtmx1/O7kZSR9zNT1TTOJ7GLpm3Vn7srzlfylFbQwU=
